
Microsoft Visual Studio Solution File, Format Version 12.00
# Visual Studio Version 17
VisualStudioVersion = 17.9.34701.34
MinimumVisualStudioVersion = 10.0.40219.1
Project("{FAE04EC0-301F-11D3-BF4B-00C04F79EFBC}") = "General_PCR18", "General-PCR18-New\General_PCR18.csproj", "{9547C3E9-7823-4907-BE43-682791711755}"
EndProject
Project("{9A19103F-16F7-4668-BE54-9A1E7A4F7556}") = "TestProject1", "TestProject1\TestProject1.csproj", "{CCE1E554-B176-40B7-AE67-0CC867F9C7B2}"
EndProject
Global
	GlobalSection(SolutionConfigurationPlatforms) = preSolution
		Debug|Any CPU = Debug|Any CPU
		Release|Any CPU = Release|Any CPU
	EndGlobalSection
	GlobalSection(ProjectConfigurationPlatforms) = postSolution
		{9547C3E9-7823-4907-BE43-682791711755}.Debug|Any CPU.ActiveCfg = Debug|Any CPU
		{9547C3E9-7823-4907-BE43-682791711755}.Debug|Any CPU.Build.0 = Debug|Any CPU
		{9547C3E9-7823-4907-BE43-682791711755}.Release|Any CPU.ActiveCfg = Release|Any CPU
		{9547C3E9-7823-4907-BE43-682791711755}.Release|Any CPU.Build.0 = Release|Any CPU
		{CCE1E554-B176-40B7-AE67-0CC867F9C7B2}.Debug|Any CPU.ActiveCfg = Debug|Any CPU
		{CCE1E554-B176-40B7-AE67-0CC867F9C7B2}.Debug|Any CPU.Build.0 = Debug|Any CPU
		{CCE1E554-B176-40B7-AE67-0CC867F9C7B2}.Release|Any CPU.ActiveCfg = Release|Any CPU
		{CCE1E554-B176-40B7-AE67-0CC867F9C7B2}.Release|Any CPU.Build.0 = Release|Any CPU
	EndGlobalSection
	GlobalSection(SolutionProperties) = preSolution
		HideSolutionNode = FALSE
	EndGlobalSection
	GlobalSection(ExtensibilityGlobals) = postSolution
		SolutionGuid = {595E36BD-5102-4FEC-AB13-C2DD32698B15}
	EndGlobalSection
EndGlobal
